
Microsoft Visual Studio Solution File, Format Version 12.00
# Visual Studio Version 16
VisualStudioVersion = 16.0.29102.190
MinimumVisualStudioVersion = 10.0.40219.1
Project("{FAE04EC0-301F-11D3-BF4B-00C04F79EFBC}") = "Inventory", "SupplierPO\Inventory.csproj", "{AFD5956F-CD3B-4BA9-92DA-EA9760A2A86B}"
EndProject
Global
	GlobalSection(SolutionConfigurationPlatforms) = preSolution
		Debug|Any CPU = Debug|Any CPU
		Release|Any CPU = Release|Any CPU
	EndGlobalSection
	GlobalSection(ProjectConfigurationPlatforms) = postSolution
		{AFD5956F-CD3B-4BA9-92DA-EA9760A2A86B}.Debug|Any CPU.ActiveCfg = Debug|Any CPU
		{AFD5956F-CD3B-4BA9-92DA-EA9760A2A86B}.Debug|Any CPU.Build.0 = Debug|Any CPU
		{AFD5956F-CD3B-4BA9-92DA-EA9760A2A86B}.Release|Any CPU.ActiveCfg = Release|Any CPU
		{AFD5956F-CD3B-4BA9-92DA-EA9760A2A86B}.Release|Any CPU.Build.0 = Release|Any CPU
	EndGlobalSection
	GlobalSection(SolutionProperties) = preSolution
		HideSolutionNode = FALSE
	EndGlobalSection
	GlobalSection(ExtensibilityGlobals) = postSolution
		SolutionGuid = {B4D6056E-52FA-4978-9549-38A8DCC168CE}
	EndGlobalSection
EndGlobal
